// !$*UTF8*$!
{
	archiveVersion = 1;
	classes = {
	};
	objectVersion = 50;
	objects = {

/* Begin PBXBuildFile section */
		3F426E09214BACEE0092046F /* AppDelegate.swift in Sources */ = {isa = PBXBuildFile; fileRef = 3F426E08214BACEE0092046F /* AppDelegate.swift */; };
		3F426E0B214BACEE0092046F /* GreenViewController.swift in Sources */ = {isa = PBXBuildFile; fileRef = 3F426E0A214BACEE0092046F /* GreenViewController.swift */; };
		3F426E0E214BACEE0092046F /* Main.storyboard in Resources */ = {isa = PBXBuildFile; fileRef = 3F426E0C214BACEE0092046F /* Main.storyboard */; };
		3F426E10214BACF60092046F /* Assets.xcassets in Resources */ = {isa = PBXBuildFile; fileRef = 3F426E0F214BACF60092046F /* Assets.xcassets */; };
		3F426E13214BACF60092046F /* LaunchScreen.storyboard in Resources */ = {isa = PBXBuildFile; fileRef = 3F426E11214BACF60092046F /* LaunchScreen.storyboard */; };
		3F426E1B214BCCE50092046F /* BlueViewController.swift in Sources */ = {isa = PBXBuildFile; fileRef = 3F426E1A214BCCE50092046F /* BlueViewController.swift */; };
		3F426E1D214BD10B0092046F /* YellowViewController.swift in Sources */ = {isa = PBXBuildFile; fileRef = 3F426E1C214BD10B0092046F /* YellowViewController.swift */; };
		3F426E1F214BD11D0092046F /* DarkViewController.swift in Sources */ = {isa = PBXBuildFile; fileRef = 3F426E1E214BD11D0092046F /* DarkViewController.swift */; };
/* End PBXBuildFile section */

/* Begin PBXFileReference section */
		3F426E05214BACEE0092046F /* Tab Bar Controller.app */ = {isa = PBXFileReference; explicitFileType = wrapper.application; includeInIndex = 0; path = "Tab Bar Controller.app"; sourceTree = BUILT_PRODUCTS_DIR; };
		3F426E08214BACEE0092046F /* AppDelegate.swift */ = {isa = PBXFileReference; lastKnownFileType = sourcecode.swift; path = AppDelegate.swift; sourceTree = "<group>"; };
		3F426E0A214BACEE0092046F /* GreenViewController.swift */ = {isa = PBXFileReference; lastKnownFileType = sourcecode.swift; path = GreenViewController.swift; sourceTree = "<group>"; };
		3F426E0D214BACEE0092046F /* Base */ = {isa = PBXFileReference; lastKnownFileType = file.storyboard; name = Base; path = Base.lproj/Main.storyboard; sourceTree = "<group>"; };
		3F426E0F214BACF60092046F /* Assets.xcassets */ = {isa = PBXFileReference; lastKnownFileType = folder.assetcatalog; path = Assets.xcassets; sourceTree = "<group>"; };
		3F426E12214BACF60092046F /* Base */ = {isa = PBXFileReference; lastKnownFileType = file.storyboard; name = Base; path = Base.lproj/LaunchScreen.storyboard; sourceTree = "<group>"; };
		3F426E14214BACF60092046F /* Info.plist */ = {isa = PBXFileReference; lastKnownFileType = text.plist.xml; path = Info.plist; sourceTree = "<group>"; };
		3F426E1A214BCCE50092046F /* BlueViewController.swift */ = {isa = PBXFileReference; lastKnownFileType = sourcecode.swift; path = BlueViewController.swift; sourceTree = "<group>"; };
		3F426E1C214BD10B0092046F /* YellowViewController.swift */ = {isa = PBXFileReference; lastKnownFileType = sourcecode.swift; path = YellowViewController.swift; sourceTree = "<group>"; };
		3F426E1E214BD11D0092046F /* DarkViewController.swift */ = {isa = PBXFileReference; lastKnownFileType = sourcecode.swift; path = DarkViewController.swift; sourceTree = "<group>"; };
/* End PBXFileReference section */

/* Begin PBXFrameworksBuildPhase section */
		3F426E02214BACEE0092046F /* Frameworks */ = {
			isa = PBXFrameworksBuildPhase;
			buildActionMask = 2147483647;
			files = (
			);
			runOnlyForDeploymentPostprocessing = 0;
		};
/* End PBXFrameworksBuildPhase section */

/* Begin PBXGroup section */
		3F426DFC214BACEE0092046F = {
			isa = PBXGroup;
			children = (
				3F426E07214BACEE0092046F /* Tab Bar Controller */,
				3F426E06214BACEE0092046F /* Products */,
			);
			sourceTree = "<group>";
		};
		3F426E06214BACEE0092046F /* Products */ = {
			isa = PBXGroup;
			children = (
				3F426E05214BACEE0092046F /* Tab Bar Controller.app */,
			);
			name = Products;
			sourceTree = "<group>";
		};
		3F426E07214BACEE0092046F /* Tab Bar Controller */ = {
			isa = PBXGroup;
			children = (
				3F426E08214BACEE0092046F /* AppDelegate.swift */,
				3F426E1A214BCCE50092046F /* BlueViewController.swift */,
				3F426E0A214BACEE0092046F /* GreenViewController.swift */,
				3F426E1E214BD11D0092046F /* DarkViewController.swift */,
				3F426E1C214BD10B0092046F /* YellowViewController.swift */,
				3F426E0C214BACEE0092046F /* Main.storyboard */,
				3F426E0F214BACF60092046F /* Assets.xcassets */,
				3F426E11214BACF60092046F /* LaunchScreen.storyboard */,
				3F426E14214BACF60092046F /* Info.plist */,
			);
			path = "Tab Bar Controller";
			sourceTree = "<group>";
		};
/* End PBXGroup section */

/* Begin PBXNativeTarget section */
		3F426E04214BACEE0092046F /* Tab Bar Controller */ = {
			isa = PBXNativeTarget;
			buildConfigurationList = 3F426E17214BACF70092046F /* Build configuration list for PBXNativeTarget "Tab Bar Controller" */;
			buildPhases = (
				3F426E01214BACEE0092046F /* Sources */,
				3F426E02214BACEE0092046F /* Frameworks */,
				3F426E03214BACEE0092046F /* Resources */,
			);
			buildRules = (
			);
			dependencies = (
			);
			name = "Tab Bar Controller";
			productName = "Tab Bar Controller";
			productReference = 3F426E05214BACEE0092046F /* Tab Bar Controller.app */;
			productType = "com.apple.product-type.application";
		};
/* End PBXNativeTarget section */

/* Begin PBXProject section */
		3F426DFD214BACEE0092046F /* Project object */ = {
			isa = PBXProject;
			attributes = {
				LastSwiftUpdateCheck = 0940;
				LastUpgradeCheck = 0940;
				ORGANIZATIONNAME = student;
				TargetAttributes = {
					3F426E04214BACEE0092046F = {
						CreatedOnToolsVersion = 9.4.1;
					};
				};
			};
			buildConfigurationList = 3F426E00214BACEE0092046F /* Build configuration list for PBXProject "Tab Bar Controller" */;
			compatibilityVersion = "Xcode 9.3";
			developmentRegion = en;
			hasScannedForEncodings = 0;
			knownRegions = (
				en,
				Base,
			);
			mainGroup = 3F426DFC214BACEE0092046F;
			productRefGroup = 3F426E06214BACEE0092046F /* Products */;
			projectDirPath = "";
			projectRoot = "";
			targets = (
				3F426E04214BACEE0092046F /* Tab Bar Controller */,
			);
		};
/* End PBXProject section */

/* Begin PBXResourcesBuildPhase section */
		3F426E03214BACEE0092046F /* Resources */ = {
			isa = PBXResourcesBuildPhase;
			buildActionMask = 2147483647;
			files = (
				3F426E13214BACF60092046F /* LaunchScreen.storyboard in Resources */,
				3F426E10214BACF60092046F /* Assets.xcassets in Resources */,
				3F426E0E214BACEE0092046F /* Main.storyboard in Resources */,
			);
			runOnlyForDeploymentPostprocessing = 0;
		};
/* End PBXResourcesBuildPhase section */

/* Begin PBXSourcesBuildPhase section */
		3F426E01214BACEE0092046F /* Sources */ = {
			isa = PBXSourcesBuildPhase;
			buildActionMask = 2147483647;
			files = (
				3F426E1D214BD10B0092046F /* YellowViewController.swift in Sources */,
				3F426E0B214BACEE0092046F /* GreenViewController.swift in Sources */,
				3F426E1B214BCCE50092046F /* BlueViewController.swift in Sources */,
				3F426E09214BACEE0092046F /* AppDelegate.swift in Sources */,
				3F426E1F214BD11D0092046F /* DarkViewController.swift in Sources */,
			);
			runOnlyForDeploymentPostprocessing = 0;
		};
/* End PBXSourcesBuildPhase section */

/* Begin PBXVariantGroup section */
		3F426E0C214BACEE0092046F /* Main.storyboard */ = {
			isa = PBXVariantGroup;
			children = (
				3F426E0D214BACEE0092046F /* Base */,
			);
			name = Main.storyboard;
			sourceTree = "<group>";
		};
		3F426E11214BACF60092046F /* LaunchScreen.storyboard */ = {
			isa = PBXVariantGroup;
			children = (
				3F426E12214BACF60092046F /* Base */,
			);
			name = LaunchScreen.storyboard;
			sourceTree = "<group>";
		};
/* End PBXVariantGroup section */

/* Begin XCBuildConfiguration section */
		3F426E15214BACF60092046F /* Debug */ = {
			isa = XCBuildConfiguration;
			buildSettings = {
				ALWAYS_SEARCH_USER_PATHS = NO;
				CLANG_ANALYZER_NONNULL = YES;
				CLANG_ANALYZER_NUMBER_OBJECT_CONVERSION = YES_AGGRESSIVE;
				CLANG_CXX_LANGUAGE_STANDARD = "gnu++14";
				CLANG_CXX_LIBRARY = "libc++";
				CLANG_ENABLE_MODULES = YES;
				CLANG_ENABLE_OBJC_ARC = YES;
				CLANG_ENABLE_OBJC_WEAK = YES;
				CLANG_WARN_BLOCK_CAPTURE_AUTORELEASING = YES;
				CLANG_WARN_BOOL_CONVERSION = YES;
				CLANG_WARN_COMMA = YES;
				CLANG_WARN_CONSTANT_CONVERSION = YES;
				CLANG_WARN_DEPRECATED_OBJC_IMPLEMENTATIONS = YES;
				CLANG_WARN_DIRECT_OBJC_ISA_USAGE = YES_ERROR;
				CLANG_WARN_DOCUMENTATION_COMMENTS = YES;
				CLANG_WARN_EMPTY_BODY = YES;
				CLANG_WARN_ENUM_CONVERSION = YES;
				CLANG_WARN_INFINITE_RECURSION = YES;
				CLANG_WARN_INT_CONVERSION = YES;
				CLANG_WARN_NON_LITERAL_NULL_CONVERSION = YES;
				CLANG_WARN_OBJC_IMPLICIT_RETAIN_SELF = YES;
				CLANG_WARN_OBJC_LITERAL_CONVERSION = YES;
				CLANG_WARN_OBJC_ROOT_CLASS = YES_ERROR;
				CLANG_WARN_RANGE_LOOP_ANALYSIS = YES;
				CLANG_WARN_STRICT_PROTOTYPES = YES;
				CLANG_WARN_SUSPICIOUS_MOVE = YES;
				CLANG_WARN_UNGUARDED_AVAILABILITY = YES_AGGRESSIVE;
				CLANG_WARN_UNREACHABLE_CODE = YES;
				CLANG_WARN__DUPLICATE_METHOD_MATCH = YES;
				CODE_SIGN_IDENTITY = "iPhone Developer";
				COPY_PHASE_STRIP = NO;
				DEBUG_INFORMATION_FORMAT = dwarf;
				ENABLE_STRICT_OBJC_MSGSEND = YES;
				ENABLE_TESTABILITY = YES;
				GCC_C_LANGUAGE_STANDARD = gnu11;
				GCC_DYNAMIC_NO_PIC = NO;
				GCC_NO_COMMON_BLOCKS = YES;
				GCC_OPTIMIZATION_LEVEL = 0;
				GCC_PREPROCESSOR_DEFINITIONS = (
					"DEBUG=1",
					"$(inherited)",
				);
				GCC_WARN_64_TO_32_BIT_CONVERSION = YES;
				GCC_WARN_ABOUT_RETURN_TYPE = YES_ERROR;
				GCC_WARN_UNDECLARED_SELECTOR = YES;
				GCC_WARN_UNINITIALIZED_AUTOS = YES_AGGRESSIVE;
				GCC_WARN_UNUSED_FUNCTION = YES;
				GCC_WARN_UNUSED_VARIABLE = YES;
				IPHONEOS_DEPLOYMENT_TARGET = 11.4;
				MTL_ENABLE_DEBUG_INFO = YES;
				ONLY_ACTIVE_ARCH = YES;
				SDKROOT = iphoneos;
				SWIFT_ACTIVE_COMPILATION_CONDITIONS = DEBUG;
				SWIFT_OPTIMIZATION_LEVEL = "-Onone";
			};
			name = Debug;
		};
		3F426E16214BACF70092046F /* Release */ = {
			isa = XCBuildConfiguration;
			buildSettings = {
				ALWAYS_SEARCH_USER_PATHS = NO;
				CLANG_ANALYZER_NONNULL = YES;
				CLANG_ANALYZER_NUMBER_OBJECT_CONVERSION = YES_AGGRESSIVE;
				CLANG_CXX_LANGUAGE_STANDARD = "gnu++14";
				CLANG_CXX_LIBRARY = "libc++";
				CLANG_ENABLE_MODULES = YES;
				CLANG_ENABLE_OBJC_ARC = YES;
				CLANG_ENABLE_OBJC_WEAK = YES;
				CLANG_WARN_BLOCK_CAPTURE_AUTORELEASING = YES;
				CLANG_WARN_BOOL_CONVERSION = YES;
				CLANG_WARN_COMMA = YES;
				CLANG_WARN_CONSTANT_CONVERSION = YES;
				CLANG_WARN_DEPRECATED_OBJC_IMPLEMENTATIONS = YES;
				CLANG_WARN_DIRECT_OBJC_ISA_USAGE = YES_ERROR;
				CLANG_WARN_DOCUMENTATION_COMMENTS = YES;
				CLANG_WARN_EMPTY_BODY = YES;
				CLANG_WARN_ENUM_CONVERSION = YES;
				CLANG_WARN_INFINITE_RECURSION = YES;
				CLANG_WARN_INT_CONVERSION = YES;
				CLANG_WARN_NON_LITERAL_NULL_CONVERSION = YES;
				CLANG_WARN_OBJC_IMPLICIT_RETAIN_SELF = YES;
				CLANG_WARN_OBJC_LITERAL_CONVERSION = YES;
				CLANG_WARN_OBJC_ROOT_CLASS = YES_ERROR;
				CLANG_WARN_RANGE_LOOP_ANALYSIS = YES;
				CLANG_WARN_STRICT_PROTOTYPES = YES;
				CLANG_WARN_SUSPICIOUS_MOVE = YES;
				CLANG_WARN_UNGUARDED_AVAILABILITY = YES_AGGRESSIVE;
				CLANG_WARN_UNREACHABLE_CODE = YES;
				CLANG_WARN__DUPLICATE_METHOD_MATCH = YES;
				CODE_SIGN_IDENTITY = "iPhone Developer";
				COPY_PHASE_STRIP = NO;
				DEBUG_INFORMATION_FORMAT = "dwarf-with-dsym";
				ENABLE_NS_ASSERTIONS = NO;
				ENABLE_STRICT_OBJC_MSGSEND = YES;
				GCC_C_LANGUAGE_STANDARD = gnu11;
				GCC_NO_COMMON_BLOCKS = YES;
				GCC_WARN_64_TO_32_BIT_CONVERSION = YES;
				GCC_WARN_ABOUT_RETURN_TYPE = YES_ERROR;
				GCC_WARN_UNDECLARED_SELECTOR = YES;
				GCC_WARN_UNINITIALIZED_AUTOS = YES_AGGRESSIVE;
				GCC_WARN_UNUSED_FUNCTION = YES;
				GCC_WARN_UNUSED_VARIABLE = YES;
				IPHONEOS_DEPLOYMENT_TARGET = 11.4;
				MTL_ENABLE_DEBUG_INFO = NO;
				SDKROOT = iphoneos;
				SWIFT_COMPILATION_MODE = wholemodule;
				SWIFT_OPTIMIZATION_LEVEL = "-O";
				VALIDATE_PRODUCT = YES;
			};
			name = Release;
		};
		3F426E18214BACF70092046F /* Debug */ = {
			isa = XCBuildConfiguration;
			buildSettings = {
				ASSETCATALOG_COMPILER_APPICON_NAME = AppIcon;
				CODE_SIGN_STYLE = Automatic;
				INFOPLIST_FILE = "Tab Bar Controller/Info.plist";
				LD_RUNPATH_SEARCH_PATHS = (
					"$(inherited)",
					"@executable_path/Frameworks",
				);
				PRODUCT_BUNDLE_IDENTIFIER = "ru.learnSwift.Tab-Bar-Controller";
				PRODUCT_NAME = "$(TARGET_NAME)";
				SWIFT_VERSION = 4.0;
				TARGETED_DEVICE_FAMILY = "1,2";
			};
			name = Debug;
		};
		3F426E19214BACF70092046F /* Release */ = {
			isa = XCBuildConfiguration;
			buildSettings = {
				ASSETCATALOG_COMPILER_APPICON_NAME = AppIcon;
				CODE_SIGN_STYLE = Automatic;
				INFOPLIST_FILE = "Tab Bar Controller/Info.plist";
				LD_RUNPATH_SEARCH_PATHS = (
					"$(inherited)",
					"@executable_path/Frameworks",
				);
				PRODUCT_BUNDLE_IDENTIFIER = "ru.learnSwift.Tab-Bar-Controller";
				PRODUCT_NAME = "$(TARGET_NAME)";
				SWIFT_VERSION = 4.0;
				TARGETED_DEVICE_FAMILY = "1,2";
			};
			name = Release;
		};
/* End XCBuildConfiguration section */

/* Begin XCConfigurationList section */
		3F426E00214BACEE0092046F /* Build configuration list for PBXProject "Tab Bar Controller" */ = {
			isa = XCConfigurationList;
			buildConfigurations = (
				3F426E15214BACF60092046F /* Debug */,
				3F426E16214BACF70092046F /* Release */,
			);
			defaultConfigurationIsVisible = 0;
			defaultConfigurationName = Release;
		};
		3F426E17214BACF70092046F /* Build configuration list for PBXNativeTarget "Tab Bar Controller" */ = {
			isa = XCConfigurationList;
			buildConfigurations = (
				3F426E18214BACF70092046F /* Debug */,
				3F426E19214BACF70092046F /* Release */,
			);
			defaultConfigurationIsVisible = 0;
			defaultConfigurationName = Release;
		};
/* End XCConfigurationList section */
	};
	rootObject = 3F426DFD214BACEE0092046F /* Project object */;
}
